# This file is generated by running "yarn install" inside your project.
# Manual changes might be lost - proceed with caution!

__metadata:
  version: 8
  cacheKey: 10c0

"@postgres-language-server/cli-aarch64-apple-darwin@npm:0.17.2":
  version: 0.17.2
  resolution: "@postgres-language-server/cli-aarch64-apple-darwin@npm:0.17.2"
  conditions: os=darwin & cpu=arm64
  languageName: node
  linkType: hard

"@postgres-language-server/cli-aarch64-linux-gnu@npm:0.17.2":
  version: 0.17.2
  resolution: "@postgres-language-server/cli-aarch64-linux-gnu@npm:0.17.2"
  conditions: os=linux & cpu=arm64
  languageName: node
  linkType: hard

"@postgres-language-server/cli-aarch64-windows-msvc@npm:0.17.2":
  version: 0.17.2
  resolution: "@postgres-language-server/cli-aarch64-windows-msvc@npm:0.17.2"
  conditions: os=win32 & cpu=arm64
  languageName: node
  linkType: hard

"@postgres-language-server/cli-x86_64-apple-darwin@npm:0.17.2":
  version: 0.17.2
  resolution: "@postgres-language-server/cli-x86_64-apple-darwin@npm:0.17.2"
  conditions: os=darwin & cpu=x64
  languageName: node
  linkType: hard

"@postgres-language-server/cli-x86_64-linux-gnu@npm:0.17.2":
  version: 0.17.2
  resolution: "@postgres-language-server/cli-x86_64-linux-gnu@npm:0.17.2"
  conditions: os=linux & cpu=x64
  languageName: node
  linkType: hard

"@postgres-language-server/cli-x86_64-linux-musl@npm:0.17.2":
  version: 0.17.2
  resolution: "@postgres-language-server/cli-x86_64-linux-musl@npm:0.17.2"
  conditions: os=linux & cpu=x64
  languageName: node
  linkType: hard

"@postgres-language-server/cli-x86_64-windows-msvc@npm:0.17.2":
  version: 0.17.2
  resolution: "@postgres-language-server/cli-x86_64-windows-msvc@npm:0.17.2"
  conditions: os=win32 & cpu=x64
  languageName: node
  linkType: hard

"@postgres-language-server/cli@npm:^0.17.2":
  version: 0.17.2
  resolution: "@postgres-language-server/cli@npm:0.17.2"
  dependencies:
    "@postgres-language-server/cli-aarch64-apple-darwin": "npm:0.17.2"
    "@postgres-language-server/cli-aarch64-linux-gnu": "npm:0.17.2"
    "@postgres-language-server/cli-aarch64-windows-msvc": "npm:0.17.2"
    "@postgres-language-server/cli-x86_64-apple-darwin": "npm:0.17.2"
    "@postgres-language-server/cli-x86_64-linux-gnu": "npm:0.17.2"
    "@postgres-language-server/cli-x86_64-linux-musl": "npm:0.17.2"
    "@postgres-language-server/cli-x86_64-windows-msvc": "npm:0.17.2"
  dependenciesMeta:
    "@postgres-language-server/cli-aarch64-apple-darwin":
      optional: true
    "@postgres-language-server/cli-aarch64-linux-gnu":
      optional: true
    "@postgres-language-server/cli-aarch64-windows-msvc":
      optional: true
    "@postgres-language-server/cli-x86_64-apple-darwin":
      optional: true
    "@postgres-language-server/cli-x86_64-linux-gnu":
      optional: true
    "@postgres-language-server/cli-x86_64-linux-musl":
      optional: true
    "@postgres-language-server/cli-x86_64-windows-msvc":
      optional: true
  bin:
    postgres-language-server: bin/postgres-language-server
  checksum: 10c0/774ff0ee602476976bd03f1830f5345af62cf7d0d0a57e2d31a9fa762a10f4978ac282f08860f4b915807b90e64fcb1e9fe738b2d756740f4e53b69d740029d8
  languageName: node
  linkType: hard

"my-project@workspace:.":
  version: 0.0.0-use.local
  resolution: "my-project@workspace:."
  dependencies:
    "@postgres-language-server/cli": "npm:^0.17.2"
  languageName: unknown
  linkType: soft
