{
  "name": "my-project",
  "lockfileVersion": 3,
  "requires": true,
  "packages": {
    "": {
      "name": "my-project",
      "devDependencies": {
        "@postgres-language-server/cli": "0.17.2"
      }
    },
    "node_modules/@postgres-language-server/cli": {
      "version": "0.17.2",
      "resolved": "https://registry.npmjs.org/@postgres-language-server/cli/-/cli-0.17.2.tgz",
      "integrity": "sha512-fTtheEeB+G2McsSPb5VM7EcKijwViOoCfib0r6Sq4uFBf0yMRciDUz4a/MakotxaSQ3Q+Tk6it3ASCCLu1+XnQ==",
      "dev": true,
      "license": "MIT or Apache-2.0",
      "bin": {
        "postgres-language-server": "bin/postgres-language-server"
      },
      "engines": {
        "node": ">=20"
      },
      "optionalDependencies": {
        "@postgres-language-server/cli-aarch64-apple-darwin": "0.17.2",
        "@postgres-language-server/cli-aarch64-linux-gnu": "0.17.2",
        "@postgres-language-server/cli-aarch64-windows-msvc": "0.17.2",
        "@postgres-language-server/cli-x86_64-apple-darwin": "0.17.2",
        "@postgres-language-server/cli-x86_64-linux-gnu": "0.17.2",
        "@postgres-language-server/cli-x86_64-linux-musl": "0.17.2",
        "@postgres-language-server/cli-x86_64-windows-msvc": "0.17.2"
      }
    },
    "node_modules/@postgres-language-server/cli-aarch64-apple-darwin": {
      "version": "0.17.2",
      "resolved": "https://registry.npmjs.org/@postgres-language-server/cli-aarch64-apple-darwin/-/cli-aarch64-apple-darwin-0.17.2.tgz",
      "integrity": "sha512-NkWEdTjk+Kxw8nzt0UgD/1T8zeJET3Om4pY8OdW+hU9S3+8cqwzXCTf5jSbh7+PdIUoc1UMKMc+MiTzEUP9kEg==",
      "cpu": [
        "arm64"
      ],
      "dev": true,
      "license": "MIT or Apache-2.0",
      "optional": true,
      "os": [
        "darwin"
      ],
      "engines": {
        "node": ">=20"
      }
    },
    "node_modules/@postgres-language-server/cli-aarch64-linux-gnu": {
      "version": "0.17.2",
      "resolved": "https://registry.npmjs.org/@postgres-language-server/cli-aarch64-linux-gnu/-/cli-aarch64-linux-gnu-0.17.2.tgz",
      "integrity": "sha512-G+jGK2hFxLfbnMjhpn17Y+5tHZx+DdSNAOMYSx8gwlAYJqFjCvnuDDyZq1mP+/VlcJFhdkg1vbz9RaaMTl9+0Q==",
      "cpu": [
        "arm64"
      ],
      "dev": true,
      "license": "MIT or Apache-2.0",
      "optional": true,
      "os": [
        "linux"
      ],
      "engines": {
        "node": ">=20"
      }
    },
    "node_modules/@postgres-language-server/cli-aarch64-windows-msvc": {
      "version": "0.17.2",
      "resolved": "https://registry.npmjs.org/@postgres-language-server/cli-aarch64-windows-msvc/-/cli-aarch64-windows-msvc-0.17.2.tgz",
      "integrity": "sha512-qDlWJfGPi3ZBDNqfPox0z7RGegWKlyFGBhng2eK+a7SHxSTmPKa+AVOHpEoxQ6aIHJtczTpX83Id0naznzbjzg==",
      "cpu": [
        "arm64"
      ],
      "dev": true,
      "license": "MIT or Apache-2.0",
      "optional": true,
      "os": [
        "win32"
      ],
      "engines": {
        "node": ">=20"
      }
    },
    "node_modules/@postgres-language-server/cli-x86_64-apple-darwin": {
      "version": "0.17.2",
      "resolved": "https://registry.npmjs.org/@postgres-language-server/cli-x86_64-apple-darwin/-/cli-x86_64-apple-darwin-0.17.2.tgz",
      "integrity": "sha512-KkhWtXMqvyfqEIOWy32vH0tWaUJoriHVcxvI909wy2pBKUOwmZUN/eFfSZPIvZzCik9b4iorysrDLbvjD4hUbg==",
      "cpu": [
        "x64"
      ],
      "dev": true,
      "license": "MIT or Apache-2.0",
      "optional": true,
      "os": [
        "darwin"
      ],
      "engines": {
        "node": ">=20"
      }
    },
    "node_modules/@postgres-language-server/cli-x86_64-linux-gnu": {
      "version": "0.17.2",
      "resolved": "https://registry.npmjs.org/@postgres-language-server/cli-x86_64-linux-gnu/-/cli-x86_64-linux-gnu-0.17.2.tgz",
      "integrity": "sha512-KErimwxkW/eDUspI2qw0J1RsJxDe6Czlk0NIf6o7Yp4YEkKpzOtULV2o8HWv4uN4UN+pttOzVcywJMCC0SRy+w==",
      "cpu": [
        "x64"
      ],
      "dev": true,
      "license": "MIT or Apache-2.0",
      "optional": true,
      "os": [
        "linux"
      ],
      "engines": {
        "node": ">=20"
      }
    },
    "node_modules/@postgres-language-server/cli-x86_64-linux-musl": {
      "version": "0.17.2",
      "resolved": "https://registry.npmjs.org/@postgres-language-server/cli-x86_64-linux-musl/-/cli-x86_64-linux-musl-0.17.2.tgz",
      "integrity": "sha512-MVPHqClu0WghQ17JFpoVymg8eDoSoGS51oHPvZEn0D5B7kuXO2cuOYJVvBby/NiuZBvJOV29zRTlzX8awJRmyQ==",
      "cpu": [
        "x64"
      ],
      "dev": true,
      "license": "MIT or Apache-2.0",
      "optional": true,
      "os": [
        "linux"
      ],
      "engines": {
        "node": ">=20"
      }
    },
    "node_modules/@postgres-language-server/cli-x86_64-windows-msvc": {
      "version": "0.17.2",
      "resolved": "https://registry.npmjs.org/@postgres-language-server/cli-x86_64-windows-msvc/-/cli-x86_64-windows-msvc-0.17.2.tgz",
      "integrity": "sha512-Z3Wki8zoIX29cUz+S8llgwL+9DZ5Sj1rigZytydjrucJ/pQCikztusOWbBJNziTgQYJdJX+u9A1408RryOPLMQ==",
      "cpu": [
        "x64"
      ],
      "dev": true,
      "license": "MIT or Apache-2.0",
      "optional": true,
      "os": [
        "win32"
      ],
      "engines": {
        "node": ">=20"
      }
    }
  }
}
